// !$*UTF8*$!
{
	archiveVersion = 1;
	classes = {
	};
	objectVersion = 55;
	objects = {

/* Begin PBXBuildFile section */
		4908DED62886E4F400D229A8 /* FiatPresenterTest.swift in Sources */ = {isa = PBXBuildFile; fileRef = 4908DED52886E4F400D229A8 /* FiatPresenterTest.swift */; };
		4908DED92886E70900D229A8 /* CurrencyPresenterTest.swift in Sources */ = {isa = PBXBuildFile; fileRef = 4908DED82886E70900D229A8 /* CurrencyPresenterTest.swift */; };
		4908DEDC2886FB4400D229A8 /* RouterTest.swift in Sources */ = {isa = PBXBuildFile; fileRef = 4908DEDB2886FB4400D229A8 /* RouterTest.swift */; };
		4908DEDE2887269C00D229A8 /* FiatTotalModel.swift in Sources */ = {isa = PBXBuildFile; fileRef = 4908DEDD2887269C00D229A8 /* FiatTotalModel.swift */; };
		4919649528718B25000B8D98 /* Constants.swift in Sources */ = {isa = PBXBuildFile; fileRef = 4919649428718B25000B8D98 /* Constants.swift */; };
		492F1779286DBDCC00CED477 /* TableViewCell.swift in Sources */ = {isa = PBXBuildFile; fileRef = 492F1777286DBDCC00CED477 /* TableViewCell.swift */; };
		492F177A286DBDCC00CED477 /* TableViewCell.xib in Resources */ = {isa = PBXBuildFile; fileRef = 492F1778286DBDCC00CED477 /* TableViewCell.xib */; };
		494F531E286B00CB00F23709 /* FiatRawModel.swift in Sources */ = {isa = PBXBuildFile; fileRef = 494F531D286B00CB00F23709 /* FiatRawModel.swift */; };
		494F5321286B00D700F23709 /* FiatViewController.swift in Sources */ = {isa = PBXBuildFile; fileRef = 494F531F286B00D700F23709 /* FiatViewController.swift */; };
		494F5322286B00D700F23709 /* FiatView.xib in Resources */ = {isa = PBXBuildFile; fileRef = 494F5320286B00D700F23709 /* FiatView.xib */; };
		494F5324286B00E500F23709 /* FiatPresenter.swift in Sources */ = {isa = PBXBuildFile; fileRef = 494F5323286B00E500F23709 /* FiatPresenter.swift */; };
		494F5329286B0F8400F23709 /* NetworkService.swift in Sources */ = {isa = PBXBuildFile; fileRef = 494F5328286B0F8400F23709 /* NetworkService.swift */; };
		494F532F286B37E600F23709 /* JSONParser.swift in Sources */ = {isa = PBXBuildFile; fileRef = 494F532E286B37E600F23709 /* JSONParser.swift */; };
		4954555F288742CB00793DFE /* ConvertedModel.swift in Sources */ = {isa = PBXBuildFile; fileRef = 4954555E288742CB00793DFE /* ConvertedModel.swift */; };
		4966A2B12878DF8500FFB855 /* Router.swift in Sources */ = {isa = PBXBuildFile; fileRef = 4966A2B02878DF8500FFB855 /* Router.swift */; };
		4966A2B3287E20D400FFB855 /* DropShadow.swift in Sources */ = {isa = PBXBuildFile; fileRef = 4966A2B2287E20D400FFB855 /* DropShadow.swift */; };
		4968CB88286AFE780085DDB6 /* AppDelegate.swift in Sources */ = {isa = PBXBuildFile; fileRef = 4968CB87286AFE780085DDB6 /* AppDelegate.swift */; };
		4968CB8A286AFE780085DDB6 /* SceneDelegate.swift in Sources */ = {isa = PBXBuildFile; fileRef = 4968CB89286AFE780085DDB6 /* SceneDelegate.swift */; };
		4968CB92286AFE780085DDB6 /* FiatMoneyCoin.xcdatamodeld in Sources */ = {isa = PBXBuildFile; fileRef = 4968CB90286AFE780085DDB6 /* FiatMoneyCoin.xcdatamodeld */; };
		4968CB94286AFE780085DDB6 /* Assets.xcassets in Resources */ = {isa = PBXBuildFile; fileRef = 4968CB93286AFE780085DDB6 /* Assets.xcassets */; };
		4968CB97286AFE780085DDB6 /* LaunchScreen.storyboard in Resources */ = {isa = PBXBuildFile; fileRef = 4968CB95286AFE780085DDB6 /* LaunchScreen.storyboard */; };
		4968CBA2286AFE780085DDB6 /* FiatMoneyCoinTests.swift in Sources */ = {isa = PBXBuildFile; fileRef = 4968CBA1286AFE780085DDB6 /* FiatMoneyCoinTests.swift */; };
		4968CBAC286AFE780085DDB6 /* FiatMoneyCoinUITests.swift in Sources */ = {isa = PBXBuildFile; fileRef = 4968CBAB286AFE780085DDB6 /* FiatMoneyCoinUITests.swift */; };
		4968CBAE286AFE780085DDB6 /* FiatMoneyCoinUITestsLaunchTests.swift in Sources */ = {isa = PBXBuildFile; fileRef = 4968CBAD286AFE780085DDB6 /* FiatMoneyCoinUITestsLaunchTests.swift */; };
		497F538A2873631600465DF6 /* HexColor.swift in Sources */ = {isa = PBXBuildFile; fileRef = 497F53892873631600465DF6 /* HexColor.swift */; };
		497F53AD2874D17700465DF6 /* CurrencyViewController.swift in Sources */ = {isa = PBXBuildFile; fileRef = 497F53AB2874D17700465DF6 /* CurrencyViewController.swift */; };
		497F53AE2874D17700465DF6 /* CurrencyView.xib in Resources */ = {isa = PBXBuildFile; fileRef = 497F53AC2874D17700465DF6 /* CurrencyView.xib */; };
		497F53B02874D18600465DF6 /* CurrencyModel.swift in Sources */ = {isa = PBXBuildFile; fileRef = 497F53AF2874D18600465DF6 /* CurrencyModel.swift */; };
		497F53B22874D1A700465DF6 /* CurrencyPresenter.swift in Sources */ = {isa = PBXBuildFile; fileRef = 497F53B12874D1A700465DF6 /* CurrencyPresenter.swift */; };
		49C6FE3A286C9AC500D996AE /* AssemblyModuleBuilder.swift in Sources */ = {isa = PBXBuildFile; fileRef = 49C6FE39286C9AC500D996AE /* AssemblyModuleBuilder.swift */; };
		49C6FE3C286C9C6600D996AE /* FiatModel.swift in Sources */ = {isa = PBXBuildFile; fileRef = 49C6FE3B286C9C6600D996AE /* FiatModel.swift */; };
/* End PBXBuildFile section */

/* Begin PBXContainerItemProxy section */
		4968CB9E286AFE780085DDB6 /* PBXContainerItemProxy */ = {
			isa = PBXContainerItemProxy;
			containerPortal = 4968CB7C286AFE780085DDB6 /* Project object */;
			proxyType = 1;
			remoteGlobalIDString = 4968CB83286AFE780085DDB6;
			remoteInfo = FiatMoneyCoin;
		};
		4968CBA8286AFE780085DDB6 /* PBXContainerItemProxy */ = {
			isa = PBXContainerItemProxy;
			containerPortal = 4968CB7C286AFE780085DDB6 /* Project object */;
			proxyType = 1;
			remoteGlobalIDString = 4968CB83286AFE780085DDB6;
			remoteInfo = FiatMoneyCoin;
		};
/* End PBXContainerItemProxy section */

/* Begin PBXFileReference section */
		4908DED52886E4F400D229A8 /* FiatPresenterTest.swift */ = {isa = PBXFileReference; lastKnownFileType = sourcecode.swift; path = FiatPresenterTest.swift; sourceTree = "<group>"; };
		4908DED82886E70900D229A8 /* CurrencyPresenterTest.swift */ = {isa = PBXFileReference; lastKnownFileType = sourcecode.swift; path = CurrencyPresenterTest.swift; sourceTree = "<group>"; };
		4908DEDB2886FB4400D229A8 /* RouterTest.swift */ = {isa = PBXFileReference; lastKnownFileType = sourcecode.swift; path = RouterTest.swift; sourceTree = "<group>"; };
		4908DEDD2887269C00D229A8 /* FiatTotalModel.swift */ = {isa = PBXFileReference; lastKnownFileType = sourcecode.swift; path = FiatTotalModel.swift; sourceTree = "<group>"; };
		4919649428718B25000B8D98 /* Constants.swift */ = {isa = PBXFileReference; lastKnownFileType = sourcecode.swift; path = Constants.swift; sourceTree = "<group>"; };
		492F1777286DBDCC00CED477 /* TableViewCell.swift */ = {isa = PBXFileReference; lastKnownFileType = sourcecode.swift; path = TableViewCell.swift; sourceTree = "<group>"; };
		492F1778286DBDCC00CED477 /* TableViewCell.xib */ = {isa = PBXFileReference; lastKnownFileType = file.xib; path = TableViewCell.xib; sourceTree = "<group>"; };
		494F531D286B00CB00F23709 /* FiatRawModel.swift */ = {isa = PBXFileReference; lastKnownFileType = sourcecode.swift; path = FiatRawModel.swift; sourceTree = "<group>"; };
		494F531F286B00D700F23709 /* FiatViewController.swift */ = {isa = PBXFileReference; lastKnownFileType = sourcecode.swift; path = FiatViewController.swift; sourceTree = "<group>"; };
		494F5320286B00D700F23709 /* FiatView.xib */ = {isa = PBXFileReference; lastKnownFileType = file.xib; path = FiatView.xib; sourceTree = "<group>"; };
		494F5323286B00E500F23709 /* FiatPresenter.swift */ = {isa = PBXFileReference; lastKnownFileType = sourcecode.swift; path = FiatPresenter.swift; sourceTree = "<group>"; };
		494F5328286B0F8400F23709 /* NetworkService.swift */ = {isa = PBXFileReference; lastKnownFileType = sourcecode.swift; path = NetworkService.swift; sourceTree = "<group>"; };
		494F532E286B37E600F23709 /* JSONParser.swift */ = {isa = PBXFileReference; lastKnownFileType = sourcecode.swift; path = JSONParser.swift; sourceTree = "<group>"; };
		4954555E288742CB00793DFE /* ConvertedModel.swift */ = {isa = PBXFileReference; lastKnownFileType = sourcecode.swift; path = ConvertedModel.swift; sourceTree = "<group>"; };
		4966A2B02878DF8500FFB855 /* Router.swift */ = {isa = PBXFileReference; lastKnownFileType = sourcecode.swift; path = Router.swift; sourceTree = "<group>"; };
		4966A2B2287E20D400FFB855 /* DropShadow.swift */ = {isa = PBXFileReference; lastKnownFileType = sourcecode.swift; path = DropShadow.swift; sourceTree = "<group>"; };
		4968CB84286AFE780085DDB6 /* FiatMoneyCoin.app */ = {isa = PBXFileReference; explicitFileType = wrapper.application; includeInIndex = 0; path = FiatMoneyCoin.app; sourceTree = BUILT_PRODUCTS_DIR; };
		4968CB87286AFE780085DDB6 /* AppDelegate.swift */ = {isa = PBXFileReference; lastKnownFileType = sourcecode.swift; path = AppDelegate.swift; sourceTree = "<group>"; };
		4968CB89286AFE780085DDB6 /* SceneDelegate.swift */ = {isa = PBXFileReference; lastKnownFileType = sourcecode.swift; path = SceneDelegate.swift; sourceTree = "<group>"; };
		4968CB91286AFE780085DDB6 /* FiatMoneyCoin.xcdatamodel */ = {isa = PBXFileReference; lastKnownFileType = wrapper.xcdatamodel; path = FiatMoneyCoin.xcdatamodel; sourceTree = "<group>"; };
		4968CB93286AFE780085DDB6 /* Assets.xcassets */ = {isa = PBXFileReference; lastKnownFileType = folder.assetcatalog; path = Assets.xcassets; sourceTree = "<group>"; };
		4968CB96286AFE780085DDB6 /* Base */ = {isa = PBXFileReference; lastKnownFileType = file.storyboard; name = Base; path = Base.lproj/LaunchScreen.storyboard; sourceTree = "<group>"; };
		4968CB98286AFE780085DDB6 /* Info.plist */ = {isa = PBXFileReference; lastKnownFileType = text.plist.xml; path = Info.plist; sourceTree = "<group>"; };
		4968CB9D286AFE780085DDB6 /* FiatMoneyCoinTests.xctest */ = {isa = PBXFileReference; explicitFileType = wrapper.cfbundle; includeInIndex = 0; path = FiatMoneyCoinTests.xctest; sourceTree = BUILT_PRODUCTS_DIR; };
		4968CBA1286AFE780085DDB6 /* FiatMoneyCoinTests.swift */ = {isa = PBXFileReference; lastKnownFileType = sourcecode.swift; path = FiatMoneyCoinTests.swift; sourceTree = "<group>"; };
		4968CBA7286AFE780085DDB6 /* FiatMoneyCoinUITests.xctest */ = {isa = PBXFileReference; explicitFileType = wrapper.cfbundle; includeInIndex = 0; path = FiatMoneyCoinUITests.xctest; sourceTree = BUILT_PRODUCTS_DIR; };
		4968CBAB286AFE780085DDB6 /* FiatMoneyCoinUITests.swift */ = {isa = PBXFileReference; lastKnownFileType = sourcecode.swift; path = FiatMoneyCoinUITests.swift; sourceTree = "<group>"; };
		4968CBAD286AFE780085DDB6 /* FiatMoneyCoinUITestsLaunchTests.swift */ = {isa = PBXFileReference; lastKnownFileType = sourcecode.swift; path = FiatMoneyCoinUITestsLaunchTests.swift; sourceTree = "<group>"; };
		497F53892873631600465DF6 /* HexColor.swift */ = {isa = PBXFileReference; lastKnownFileType = sourcecode.swift; path = HexColor.swift; sourceTree = "<group>"; };
		497F53AB2874D17700465DF6 /* CurrencyViewController.swift */ = {isa = PBXFileReference; lastKnownFileType = sourcecode.swift; path = CurrencyViewController.swift; sourceTree = "<group>"; };
		497F53AC2874D17700465DF6 /* CurrencyView.xib */ = {isa = PBXFileReference; lastKnownFileType = file.xib; path = CurrencyView.xib; sourceTree = "<group>"; };
		497F53AF2874D18600465DF6 /* CurrencyModel.swift */ = {isa = PBXFileReference; lastKnownFileType = sourcecode.swift; path = CurrencyModel.swift; sourceTree = "<group>"; };
		497F53B12874D1A700465DF6 /* CurrencyPresenter.swift */ = {isa = PBXFileReference; lastKnownFileType = sourcecode.swift; path = CurrencyPresenter.swift; sourceTree = "<group>"; };
		49C6FE39286C9AC500D996AE /* AssemblyModuleBuilder.swift */ = {isa = PBXFileReference; lastKnownFileType = sourcecode.swift; path = AssemblyModuleBuilder.swift; sourceTree = "<group>"; };
		49C6FE3B286C9C6600D996AE /* FiatModel.swift */ = {isa = PBXFileReference; lastKnownFileType = sourcecode.swift; path = FiatModel.swift; sourceTree = "<group>"; };
/* End PBXFileReference section */

/* Begin PBXFrameworksBuildPhase section */
		4968CB81286AFE780085DDB6 /* Frameworks */ = {
			isa = PBXFrameworksBuildPhase;
			buildActionMask = 2147483647;
			files = (
			);
			runOnlyForDeploymentPostprocessing = 0;
		};
		4968CB9A286AFE780085DDB6 /* Frameworks */ = {
			isa = PBXFrameworksBuildPhase;
			buildActionMask = 2147483647;
			files = (
			);
			runOnlyForDeploymentPostprocessing = 0;
		};
		4968CBA4286AFE780085DDB6 /* Frameworks */ = {
			isa = PBXFrameworksBuildPhase;
			buildActionMask = 2147483647;
			files = (
			);
			runOnlyForDeploymentPostprocessing = 0;
		};
/* End PBXFrameworksBuildPhase section */

/* Begin PBXGroup section */
		4908DED72886E4F800D229A8 /* TestFiatModule */ = {
			isa = PBXGroup;
			children = (
				4908DED52886E4F400D229A8 /* FiatPresenterTest.swift */,
			);
			path = TestFiatModule;
			sourceTree = "<group>";
		};
		4908DEDA2886E70D00D229A8 /* TestCurrencyModule */ = {
			isa = PBXGroup;
			children = (
				4908DED82886E70900D229A8 /* CurrencyPresenterTest.swift */,
			);
			path = TestCurrencyModule;
			sourceTree = "<group>";
		};
		4919649628718B32000B8D98 /* Utils */ = {
			isa = PBXGroup;
			children = (
				4919649428718B25000B8D98 /* Constants.swift */,
				497F53892873631600465DF6 /* HexColor.swift */,
				4966A2B2287E20D400FFB855 /* DropShadow.swift */,
			);
			path = Utils;
			sourceTree = "<group>";
		};
		494F531C286B002100F23709 /* App */ = {
			isa = PBXGroup;
			children = (
				4968CB87286AFE780085DDB6 /* AppDelegate.swift */,
				4968CB89286AFE780085DDB6 /* SceneDelegate.swift */,
			);
			path = App;
			sourceTree = "<group>";
		};
		494F5325286B00F100F23709 /* Fiat Module */ = {
			isa = PBXGroup;
			children = (
				49C6FE41286D9F8900D996AE /* Model */,
				49C6FE42286D9F9A00D996AE /* View */,
				49C6FE43286D9FBA00D996AE /* Presenter */,
			);
			path = "Fiat Module";
			sourceTree = "<group>";
		};
		494F5327286B0B2400F23709 /* Supporting files */ = {
			isa = PBXGroup;
			children = (
				4968CB93286AFE780085DDB6 /* Assets.xcassets */,
				4968CB95286AFE780085DDB6 /* LaunchScreen.storyboard */,
				4968CB98286AFE780085DDB6 /* Info.plist */,
			);
			name = "Supporting files";
			path = "FiatMoneyCoin/Supporting files";
			sourceTree = "<group>";
		};
		494F532A286B0F8800F23709 /* Service Layer */ = {
			isa = PBXGroup;
			children = (
				49C6FE39286C9AC500D996AE /* AssemblyModuleBuilder.swift */,
				494F5328286B0F8400F23709 /* NetworkService.swift */,
				494F532E286B37E600F23709 /* JSONParser.swift */,
				4966A2B02878DF8500FFB855 /* Router.swift */,
			);
			path = "Service Layer";
			sourceTree = "<group>";
		};
		4968CB7B286AFE780085DDB6 = {
			isa = PBXGroup;
			children = (
				4968CB86286AFE780085DDB6 /* FiatMoneyCoin */,
				494F5327286B0B2400F23709 /* Supporting files */,
				4968CBA0286AFE780085DDB6 /* FiatMoneyCoinTests */,
				4968CBAA286AFE780085DDB6 /* FiatMoneyCoinUITests */,
				4968CB85286AFE780085DDB6 /* Products */,
			);
			sourceTree = "<group>";
		};
		4968CB85286AFE780085DDB6 /* Products */ = {
			isa = PBXGroup;
			children = (
				4968CB84286AFE780085DDB6 /* FiatMoneyCoin.app */,
				4968CB9D286AFE780085DDB6 /* FiatMoneyCoinTests.xctest */,
				4968CBA7286AFE780085DDB6 /* FiatMoneyCoinUITests.xctest */,
			);
			name = Products;
			sourceTree = "<group>";
		};
		4968CB86286AFE780085DDB6 /* FiatMoneyCoin */ = {
			isa = PBXGroup;
			children = (
				494F531C286B002100F23709 /* App */,
				494F532A286B0F8800F23709 /* Service Layer */,
				494F5325286B00F100F23709 /* Fiat Module */,
				497F53B32874D1B600465DF6 /* CurrencyModule */,
				4919649628718B32000B8D98 /* Utils */,
			);
			path = FiatMoneyCoin;
			sourceTree = "<group>";
		};
		4968CBA0286AFE780085DDB6 /* FiatMoneyCoinTests */ = {
			isa = PBXGroup;
			children = (
				4968CBA1286AFE780085DDB6 /* FiatMoneyCoinTests.swift */,
				4908DEDB2886FB4400D229A8 /* RouterTest.swift */,
				4908DED72886E4F800D229A8 /* TestFiatModule */,
				4908DEDA2886E70D00D229A8 /* TestCurrencyModule */,
			);
			path = FiatMoneyCoinTests;
			sourceTree = "<group>";
		};
		4968CBAA286AFE780085DDB6 /* FiatMoneyCoinUITests */ = {
			isa = PBXGroup;
			children = (
				4968CBAB286AFE780085DDB6 /* FiatMoneyCoinUITests.swift */,
				4968CBAD286AFE780085DDB6 /* FiatMoneyCoinUITestsLaunchTests.swift */,
			);
			path = FiatMoneyCoinUITests;
			sourceTree = "<group>";
		};
		497F53B32874D1B600465DF6 /* CurrencyModule */ = {
			isa = PBXGroup;
			children = (
				497F53B52874D1EC00465DF6 /* Model */,
				497F53B62874D1F400465DF6 /* View */,
				497F53B42874D1E300465DF6 /* Presenter */,
			);
			path = CurrencyModule;
			sourceTree = "<group>";
		};
		497F53B42874D1E300465DF6 /* Presenter */ = {
			isa = PBXGroup;
			children = (
				497F53B12874D1A700465DF6 /* CurrencyPresenter.swift */,
			);
			path = Presenter;
			sourceTree = "<group>";
		};
		497F53B52874D1EC00465DF6 /* Model */ = {
			isa = PBXGroup;
			children = (
				497F53AF2874D18600465DF6 /* CurrencyModel.swift */,
			);
			path = Model;
			sourceTree = "<group>";
		};
		497F53B62874D1F400465DF6 /* View */ = {
			isa = PBXGroup;
			children = (
				497F53AB2874D17700465DF6 /* CurrencyViewController.swift */,
				497F53AC2874D17700465DF6 /* CurrencyView.xib */,
			);
			path = View;
			sourceTree = "<group>";
		};
		49C6FE41286D9F8900D996AE /* Model */ = {
			isa = PBXGroup;
			children = (
				49C6FE3B286C9C6600D996AE /* FiatModel.swift */,
				4954555E288742CB00793DFE /* ConvertedModel.swift */,
				4908DEDD2887269C00D229A8 /* FiatTotalModel.swift */,
				494F531D286B00CB00F23709 /* FiatRawModel.swift */,
				4968CB90286AFE780085DDB6 /* FiatMoneyCoin.xcdatamodeld */,
			);
			path = Model;
			sourceTree = "<group>";
		};
		49C6FE42286D9F9A00D996AE /* View */ = {
			isa = PBXGroup;
			children = (
				494F531F286B00D700F23709 /* FiatViewController.swift */,
				494F5320286B00D700F23709 /* FiatView.xib */,
				492F1778286DBDCC00CED477 /* TableViewCell.xib */,
				492F1777286DBDCC00CED477 /* TableViewCell.swift */,
			);
			path = View;
			sourceTree = "<group>";
		};
		49C6FE43286D9FBA00D996AE /* Presenter */ = {
			isa = PBXGroup;
			children = (
				494F5323286B00E500F23709 /* FiatPresenter.swift */,
			);
			path = Presenter;
			sourceTree = "<group>";
		};
/* End PBXGroup section */

/* Begin PBXNativeTarget section */
		4968CB83286AFE780085DDB6 /* FiatMoneyCoin */ = {
			isa = PBXNativeTarget;
			buildConfigurationList = 4968CBB1286AFE780085DDB6 /* Build configuration list for PBXNativeTarget "FiatMoneyCoin" */;
			buildPhases = (
				4968CB80286AFE780085DDB6 /* Sources */,
				4968CB81286AFE780085DDB6 /* Frameworks */,
				4968CB82286AFE780085DDB6 /* Resources */,
			);
			buildRules = (
			);
			dependencies = (
			);
			name = FiatMoneyCoin;
			productName = FiatMoneyCoin;
			productReference = 4968CB84286AFE780085DDB6 /* FiatMoneyCoin.app */;
			productType = "com.apple.product-type.application";
		};
		4968CB9C286AFE780085DDB6 /* FiatMoneyCoinTests */ = {
			isa = PBXNativeTarget;
			buildConfigurationList = 4968CBB4286AFE780085DDB6 /* Build configuration list for PBXNativeTarget "FiatMoneyCoinTests" */;
			buildPhases = (
				4968CB99286AFE780085DDB6 /* Sources */,
				4968CB9A286AFE780085DDB6 /* Frameworks */,
				4968CB9B286AFE780085DDB6 /* Resources */,
			);
			buildRules = (
			);
			dependencies = (
				4968CB9F286AFE780085DDB6 /* PBXTargetDependency */,
			);
			name = FiatMoneyCoinTests;
			productName = FiatMoneyCoinTests;
			productReference = 4968CB9D286AFE780085DDB6 /* FiatMoneyCoinTests.xctest */;
			productType = "com.apple.product-type.bundle.unit-test";
		};
		4968CBA6286AFE780085DDB6 /* FiatMoneyCoinUITests */ = {
			isa = PBXNativeTarget;
			buildConfigurationList = 4968CBB7286AFE780085DDB6 /* Build configuration list for PBXNativeTarget "FiatMoneyCoinUITests" */;
			buildPhases = (
				4968CBA3286AFE780085DDB6 /* Sources */,
				4968CBA4286AFE780085DDB6 /* Frameworks */,
				4968CBA5286AFE780085DDB6 /* Resources */,
			);
			buildRules = (
			);
			dependencies = (
				4968CBA9286AFE780085DDB6 /* PBXTargetDependency */,
			);
			name = FiatMoneyCoinUITests;
			productName = FiatMoneyCoinUITests;
			productReference = 4968CBA7286AFE780085DDB6 /* FiatMoneyCoinUITests.xctest */;
			productType = "com.apple.product-type.bundle.ui-testing";
		};
/* End PBXNativeTarget section */

/* Begin PBXProject section */
		4968CB7C286AFE780085DDB6 /* Project object */ = {
			isa = PBXProject;
			attributes = {
				BuildIndependentTargetsInParallel = 1;
				LastSwiftUpdateCheck = 1340;
				LastUpgradeCheck = 1340;
				TargetAttributes = {
					4968CB83286AFE780085DDB6 = {
						CreatedOnToolsVersion = 13.4.1;
					};
					4968CB9C286AFE780085DDB6 = {
						CreatedOnToolsVersion = 13.4.1;
						TestTargetID = 4968CB83286AFE780085DDB6;
					};
					4968CBA6286AFE780085DDB6 = {
						CreatedOnToolsVersion = 13.4.1;
						TestTargetID = 4968CB83286AFE780085DDB6;
					};
				};
			};
			buildConfigurationList = 4968CB7F286AFE780085DDB6 /* Build configuration list for PBXProject "FiatMoneyCoin" */;
			compatibilityVersion = "Xcode 13.0";
			developmentRegion = en;
			hasScannedForEncodings = 0;
			knownRegions = (
				en,
				Base,
			);
			mainGroup = 4968CB7B286AFE780085DDB6;
			productRefGroup = 4968CB85286AFE780085DDB6 /* Products */;
			projectDirPath = "";
			projectRoot = "";
			targets = (
				4968CB83286AFE780085DDB6 /* FiatMoneyCoin */,
				4968CB9C286AFE780085DDB6 /* FiatMoneyCoinTests */,
				4968CBA6286AFE780085DDB6 /* FiatMoneyCoinUITests */,
			);
		};
/* End PBXProject section */

/* Begin PBXResourcesBuildPhase section */
		4968CB82286AFE780085DDB6 /* Resources */ = {
			isa = PBXResourcesBuildPhase;
			buildActionMask = 2147483647;
			files = (
				494F5322286B00D700F23709 /* FiatView.xib in Resources */,
				492F177A286DBDCC00CED477 /* TableViewCell.xib in Resources */,
				4968CB97286AFE780085DDB6 /* LaunchScreen.storyboard in Resources */,
				4968CB94286AFE780085DDB6 /* Assets.xcassets in Resources */,
				497F53AE2874D17700465DF6 /* CurrencyView.xib in Resources */,
			);
			runOnlyForDeploymentPostprocessing = 0;
		};
		4968CB9B286AFE780085DDB6 /* Resources */ = {
			isa = PBXResourcesBuildPhase;
			buildActionMask = 2147483647;
			files = (
			);
			runOnlyForDeploymentPostprocessing = 0;
		};
		4968CBA5286AFE780085DDB6 /* Resources */ = {
			isa = PBXResourcesBuildPhase;
			buildActionMask = 2147483647;
			files = (
			);
			runOnlyForDeploymentPostprocessing = 0;
		};
/* End PBXResourcesBuildPhase section */

/* Begin PBXSourcesBuildPhase section */
		4968CB80286AFE780085DDB6 /* Sources */ = {
			isa = PBXSourcesBuildPhase;
			buildActionMask = 2147483647;
			files = (
				494F5321286B00D700F23709 /* FiatViewController.swift in Sources */,
				4968CB88286AFE780085DDB6 /* AppDelegate.swift in Sources */,
				494F532F286B37E600F23709 /* JSONParser.swift in Sources */,
				494F5324286B00E500F23709 /* FiatPresenter.swift in Sources */,
				4966A2B3287E20D400FFB855 /* DropShadow.swift in Sources */,
				494F5329286B0F8400F23709 /* NetworkService.swift in Sources */,
				4908DEDE2887269C00D229A8 /* FiatTotalModel.swift in Sources */,
				4966A2B12878DF8500FFB855 /* Router.swift in Sources */,
				49C6FE3A286C9AC500D996AE /* AssemblyModuleBuilder.swift in Sources */,
				497F53B22874D1A700465DF6 /* CurrencyPresenter.swift in Sources */,
				492F1779286DBDCC00CED477 /* TableViewCell.swift in Sources */,
				497F53AD2874D17700465DF6 /* CurrencyViewController.swift in Sources */,
				4968CB8A286AFE780085DDB6 /* SceneDelegate.swift in Sources */,
				4968CB92286AFE780085DDB6 /* FiatMoneyCoin.xcdatamodeld in Sources */,
				4954555F288742CB00793DFE /* ConvertedModel.swift in Sources */,
				4919649528718B25000B8D98 /* Constants.swift in Sources */,
				497F53B02874D18600465DF6 /* CurrencyModel.swift in Sources */,
				497F538A2873631600465DF6 /* HexColor.swift in Sources */,
				494F531E286B00CB00F23709 /* FiatRawModel.swift in Sources */,
				49C6FE3C286C9C6600D996AE /* FiatModel.swift in Sources */,
			);
			runOnlyForDeploymentPostprocessing = 0;
		};
		4968CB99286AFE780085DDB6 /* Sources */ = {
			isa = PBXSourcesBuildPhase;
			buildActionMask = 2147483647;
			files = (
				4908DEDC2886FB4400D229A8 /* RouterTest.swift in Sources */,
				4908DED62886E4F400D229A8 /* FiatPresenterTest.swift in Sources */,
				4968CBA2286AFE780085DDB6 /* FiatMoneyCoinTests.swift in Sources */,
				4908DED92886E70900D229A8 /* CurrencyPresenterTest.swift in Sources */,
			);
			runOnlyForDeploymentPostprocessing = 0;
		};
		4968CBA3286AFE780085DDB6 /* Sources */ = {
			isa = PBXSourcesBuildPhase;
			buildActionMask = 2147483647;
			files = (
				4968CBAE286AFE780085DDB6 /* FiatMoneyCoinUITestsLaunchTests.swift in Sources */,
				4968CBAC286AFE780085DDB6 /* FiatMoneyCoinUITests.swift in Sources */,
			);
			runOnlyForDeploymentPostprocessing = 0;
		};
/* End PBXSourcesBuildPhase section */

/* Begin PBXTargetDependency section */
		4968CB9F286AFE780085DDB6 /* PBXTargetDependency */ = {
			isa = PBXTargetDependency;
			target = 4968CB83286AFE780085DDB6 /* FiatMoneyCoin */;
			targetProxy = 4968CB9E286AFE780085DDB6 /* PBXContainerItemProxy */;
		};
		4968CBA9286AFE780085DDB6 /* PBXTargetDependency */ = {
			isa = PBXTargetDependency;
			target = 4968CB83286AFE780085DDB6 /* FiatMoneyCoin */;
			targetProxy = 4968CBA8286AFE780085DDB6 /* PBXContainerItemProxy */;
		};
/* End PBXTargetDependency section */

/* Begin PBXVariantGroup section */
		4968CB95286AFE780085DDB6 /* LaunchScreen.storyboard */ = {
			isa = PBXVariantGroup;
			children = (
				4968CB96286AFE780085DDB6 /* Base */,
			);
			name = LaunchScreen.storyboard;
			sourceTree = "<group>";
		};
/* End PBXVariantGroup section */

/* Begin XCBuildConfiguration section */
		4968CBAF286AFE780085DDB6 /* Debug */ = {
			isa = XCBuildConfiguration;
			buildSettings = {
				ALWAYS_SEARCH_USER_PATHS = NO;
				CLANG_ANALYZER_NONNULL = YES;
				CLANG_ANALYZER_NUMBER_OBJECT_CONVERSION = YES_AGGRESSIVE;
				CLANG_CXX_LANGUAGE_STANDARD = "gnu++17";
				CLANG_ENABLE_MODULES = YES;
				CLANG_ENABLE_OBJC_ARC = YES;
				CLANG_ENABLE_OBJC_WEAK = YES;
				CLANG_WARN_BLOCK_CAPTURE_AUTORELEASING = YES;
				CLANG_WARN_BOOL_CONVERSION = YES;
				CLANG_WARN_COMMA = YES;
				CLANG_WARN_CONSTANT_CONVERSION = YES;
				CLANG_WARN_DEPRECATED_OBJC_IMPLEMENTATIONS = YES;
				CLANG_WARN_DIRECT_OBJC_ISA_USAGE = YES_ERROR;
				CLANG_WARN_DOCUMENTATION_COMMENTS = YES;
				CLANG_WARN_EMPTY_BODY = YES;
				CLANG_WARN_ENUM_CONVERSION = YES;
				CLANG_WARN_INFINITE_RECURSION = YES;
				CLANG_WARN_INT_CONVERSION = YES;
				CLANG_WARN_NON_LITERAL_NULL_CONVERSION = YES;
				CLANG_WARN_OBJC_IMPLICIT_RETAIN_SELF = YES;
				CLANG_WARN_OBJC_LITERAL_CONVERSION = YES;
				CLANG_WARN_OBJC_ROOT_CLASS = YES_ERROR;
				CLANG_WARN_QUOTED_INCLUDE_IN_FRAMEWORK_HEADER = YES;
				CLANG_WARN_RANGE_LOOP_ANALYSIS = YES;
				CLANG_WARN_STRICT_PROTOTYPES = YES;
				CLANG_WARN_SUSPICIOUS_MOVE = YES;
				CLANG_WARN_UNGUARDED_AVAILABILITY = YES_AGGRESSIVE;
				CLANG_WARN_UNREACHABLE_CODE = YES;
				CLANG_WARN__DUPLICATE_METHOD_MATCH = YES;
				COPY_PHASE_STRIP = NO;
				DEBUG_INFORMATION_FORMAT = dwarf;
				ENABLE_STRICT_OBJC_MSGSEND = YES;
				ENABLE_TESTABILITY = YES;
				GCC_C_LANGUAGE_STANDARD = gnu11;
				GCC_DYNAMIC_NO_PIC = NO;
				GCC_NO_COMMON_BLOCKS = YES;
				GCC_OPTIMIZATION_LEVEL = 0;
				GCC_PREPROCESSOR_DEFINITIONS = (
					"DEBUG=1",
					"$(inherited)",
				);
				GCC_WARN_64_TO_32_BIT_CONVERSION = YES;
				GCC_WARN_ABOUT_RETURN_TYPE = YES_ERROR;
				GCC_WARN_UNDECLARED_SELECTOR = YES;
				GCC_WARN_UNINITIALIZED_AUTOS = YES_AGGRESSIVE;
				GCC_WARN_UNUSED_FUNCTION = YES;
				GCC_WARN_UNUSED_VARIABLE = YES;
				IPHONEOS_DEPLOYMENT_TARGET = 15.5;
				MTL_ENABLE_DEBUG_INFO = INCLUDE_SOURCE;
				MTL_FAST_MATH = YES;
				ONLY_ACTIVE_ARCH = YES;
				SDKROOT = iphoneos;
				SWIFT_ACTIVE_COMPILATION_CONDITIONS = DEBUG;
				SWIFT_OPTIMIZATION_LEVEL = "-Onone";
			};
			name = Debug;
		};
		4968CBB0286AFE780085DDB6 /* Release */ = {
			isa = XCBuildConfiguration;
			buildSettings = {
				ALWAYS_SEARCH_USER_PATHS = NO;
				CLANG_ANALYZER_NONNULL = YES;
				CLANG_ANALYZER_NUMBER_OBJECT_CONVERSION = YES_AGGRESSIVE;
				CLANG_CXX_LANGUAGE_STANDARD = "gnu++17";
				CLANG_ENABLE_MODULES = YES;
				CLANG_ENABLE_OBJC_ARC = YES;
				CLANG_ENABLE_OBJC_WEAK = YES;
				CLANG_WARN_BLOCK_CAPTURE_AUTORELEASING = YES;
				CLANG_WARN_BOOL_CONVERSION = YES;
				CLANG_WARN_COMMA = YES;
				CLANG_WARN_CONSTANT_CONVERSION = YES;
				CLANG_WARN_DEPRECATED_OBJC_IMPLEMENTATIONS = YES;
				CLANG_WARN_DIRECT_OBJC_ISA_USAGE = YES_ERROR;
				CLANG_WARN_DOCUMENTATION_COMMENTS = YES;
				CLANG_WARN_EMPTY_BODY = YES;
				CLANG_WARN_ENUM_CONVERSION = YES;
				CLANG_WARN_INFINITE_RECURSION = YES;
				CLANG_WARN_INT_CONVERSION = YES;
				CLANG_WARN_NON_LITERAL_NULL_CONVERSION = YES;
				CLANG_WARN_OBJC_IMPLICIT_RETAIN_SELF = YES;
				CLANG_WARN_OBJC_LITERAL_CONVERSION = YES;
				CLANG_WARN_OBJC_ROOT_CLASS = YES_ERROR;
				CLANG_WARN_QUOTED_INCLUDE_IN_FRAMEWORK_HEADER = YES;
				CLANG_WARN_RANGE_LOOP_ANALYSIS = YES;
				CLANG_WARN_STRICT_PROTOTYPES = YES;
				CLANG_WARN_SUSPICIOUS_MOVE = YES;
				CLANG_WARN_UNGUARDED_AVAILABILITY = YES_AGGRESSIVE;
				CLANG_WARN_UNREACHABLE_CODE = YES;
				CLANG_WARN__DUPLICATE_METHOD_MATCH = YES;
				COPY_PHASE_STRIP = NO;
				DEBUG_INFORMATION_FORMAT = "dwarf-with-dsym";
				ENABLE_NS_ASSERTIONS = NO;
				ENABLE_STRICT_OBJC_MSGSEND = YES;
				GCC_C_LANGUAGE_STANDARD = gnu11;
				GCC_NO_COMMON_BLOCKS = YES;
				GCC_WARN_64_TO_32_BIT_CONVERSION = YES;
				GCC_WARN_ABOUT_RETURN_TYPE = YES_ERROR;
				GCC_WARN_UNDECLARED_SELECTOR = YES;
				GCC_WARN_UNINITIALIZED_AUTOS = YES_AGGRESSIVE;
				GCC_WARN_UNUSED_FUNCTION = YES;
				GCC_WARN_UNUSED_VARIABLE = YES;
				IPHONEOS_DEPLOYMENT_TARGET = 15.5;
				MTL_ENABLE_DEBUG_INFO = NO;
				MTL_FAST_MATH = YES;
				SDKROOT = iphoneos;
				SWIFT_COMPILATION_MODE = wholemodule;
				SWIFT_OPTIMIZATION_LEVEL = "-O";
				VALIDATE_PRODUCT = YES;
			};
			name = Release;
		};
		4968CBB2286AFE780085DDB6 /* Debug */ = {
			isa = XCBuildConfiguration;
			buildSettings = {
				ASSETCATALOG_COMPILER_APPICON_NAME = AppIcon;
				ASSETCATALOG_COMPILER_GLOBAL_ACCENT_COLOR_NAME = AccentColor;
				CODE_SIGN_STYLE = Automatic;
				CURRENT_PROJECT_VERSION = 1;
				DEVELOPMENT_TEAM = 4LU2BMBADH;
				GENERATE_INFOPLIST_FILE = YES;
				INFOPLIST_FILE = "/Users/tambanco/Desktop/iOS/FiatMoneyCoin/FiatMoneyCoin/Supporting files/Info.plist";
				INFOPLIST_KEY_UIApplicationSupportsIndirectInputEvents = YES;
				INFOPLIST_KEY_UILaunchStoryboardName = LaunchScreen;
				INFOPLIST_KEY_UISupportedInterfaceOrientations_iPad = "UIInterfaceOrientationPortrait UIInterfaceOrientationPortraitUpsideDown UIInterfaceOrientationLandscapeLeft UIInterfaceOrientationLandscapeRight";
				INFOPLIST_KEY_UISupportedInterfaceOrientations_iPhone = "UIInterfaceOrientationPortrait UIInterfaceOrientationLandscapeLeft UIInterfaceOrientationLandscapeRight";
				LD_RUNPATH_SEARCH_PATHS = (
					"$(inherited)",
					"@executable_path/Frameworks",
				);
				MARKETING_VERSION = 1.0;
				PRODUCT_BUNDLE_IDENTIFIER = Tambanco.FiatMoneyCoin;
				PRODUCT_NAME = "$(TARGET_NAME)";
				SWIFT_EMIT_LOC_STRINGS = YES;
				SWIFT_VERSION = 5.0;
				TARGETED_DEVICE_FAMILY = "1,2";
			};
			name = Debug;
		};
		4968CBB3286AFE780085DDB6 /* Release */ = {
			isa = XCBuildConfiguration;
			buildSettings = {
				ASSETCATALOG_COMPILER_APPICON_NAME = AppIcon;
				ASSETCATALOG_COMPILER_GLOBAL_ACCENT_COLOR_NAME = AccentColor;
				CODE_SIGN_STYLE = Automatic;
				CURRENT_PROJECT_VERSION = 1;
				DEVELOPMENT_TEAM = 4LU2BMBADH;
				GENERATE_INFOPLIST_FILE = YES;
				INFOPLIST_FILE = "/Users/tambanco/Desktop/iOS/FiatMoneyCoin/FiatMoneyCoin/Supporting files/Info.plist";
				INFOPLIST_KEY_UIApplicationSupportsIndirectInputEvents = YES;
				INFOPLIST_KEY_UILaunchStoryboardName = LaunchScreen;
				INFOPLIST_KEY_UISupportedInterfaceOrientations_iPad = "UIInterfaceOrientationPortrait UIInterfaceOrientationPortraitUpsideDown UIInterfaceOrientationLandscapeLeft UIInterfaceOrientationLandscapeRight";
				INFOPLIST_KEY_UISupportedInterfaceOrientations_iPhone = "UIInterfaceOrientationPortrait UIInterfaceOrientationLandscapeLeft UIInterfaceOrientationLandscapeRight";
				LD_RUNPATH_SEARCH_PATHS = (
					"$(inherited)",
					"@executable_path/Frameworks",
				);
				MARKETING_VERSION = 1.0;
				PRODUCT_BUNDLE_IDENTIFIER = Tambanco.FiatMoneyCoin;
				PRODUCT_NAME = "$(TARGET_NAME)";
				SWIFT_EMIT_LOC_STRINGS = YES;
				SWIFT_VERSION = 5.0;
				TARGETED_DEVICE_FAMILY = "1,2";
			};
			name = Release;
		};
		4968CBB5286AFE780085DDB6 /* Debug */ = {
			isa = XCBuildConfiguration;
			buildSettings = {
				ALWAYS_EMBED_SWIFT_STANDARD_LIBRARIES = YES;
				BUNDLE_LOADER = "$(TEST_HOST)";
				CODE_SIGN_STYLE = Automatic;
				CURRENT_PROJECT_VERSION = 1;
				DEVELOPMENT_TEAM = 4LU2BMBADH;
				GENERATE_INFOPLIST_FILE = YES;
				IPHONEOS_DEPLOYMENT_TARGET = 15.5;
				MARKETING_VERSION = 1.0;
				PRODUCT_BUNDLE_IDENTIFIER = Tambanco.FiatMoneyCoinTests;
				PRODUCT_NAME = "$(TARGET_NAME)";
				SWIFT_EMIT_LOC_STRINGS = NO;
				SWIFT_VERSION = 5.0;
				TARGETED_DEVICE_FAMILY = "1,2";
				TEST_HOST = "$(BUILT_PRODUCTS_DIR)/FiatMoneyCoin.app/FiatMoneyCoin";
			};
			name = Debug;
		};
		4968CBB6286AFE780085DDB6 /* Release */ = {
			isa = XCBuildConfiguration;
			buildSettings = {
				ALWAYS_EMBED_SWIFT_STANDARD_LIBRARIES = YES;
				BUNDLE_LOADER = "$(TEST_HOST)";
				CODE_SIGN_STYLE = Automatic;
				CURRENT_PROJECT_VERSION = 1;
				DEVELOPMENT_TEAM = 4LU2BMBADH;
				GENERATE_INFOPLIST_FILE = YES;
				IPHONEOS_DEPLOYMENT_TARGET = 15.5;
				MARKETING_VERSION = 1.0;
				PRODUCT_BUNDLE_IDENTIFIER = Tambanco.FiatMoneyCoinTests;
				PRODUCT_NAME = "$(TARGET_NAME)";
				SWIFT_EMIT_LOC_STRINGS = NO;
				SWIFT_VERSION = 5.0;
				TARGETED_DEVICE_FAMILY = "1,2";
				TEST_HOST = "$(BUILT_PRODUCTS_DIR)/FiatMoneyCoin.app/FiatMoneyCoin";
			};
			name = Release;
		};
		4968CBB8286AFE780085DDB6 /* Debug */ = {
			isa = XCBuildConfiguration;
			buildSettings = {
				ALWAYS_EMBED_SWIFT_STANDARD_LIBRARIES = YES;
				CODE_SIGN_STYLE = Automatic;
				CURRENT_PROJECT_VERSION = 1;
				DEVELOPMENT_TEAM = 4LU2BMBADH;
				GENERATE_INFOPLIST_FILE = YES;
				MARKETING_VERSION = 1.0;
				PRODUCT_BUNDLE_IDENTIFIER = Tambanco.FiatMoneyCoinUITests;
				PRODUCT_NAME = "$(TARGET_NAME)";
				SWIFT_EMIT_LOC_STRINGS = NO;
				SWIFT_VERSION = 5.0;
				TARGETED_DEVICE_FAMILY = "1,2";
				TEST_TARGET_NAME = FiatMoneyCoin;
			};
			name = Debug;
		};
		4968CBB9286AFE780085DDB6 /* Release */ = {
			isa = XCBuildConfiguration;
			buildSettings = {
				ALWAYS_EMBED_SWIFT_STANDARD_LIBRARIES = YES;
				CODE_SIGN_STYLE = Automatic;
				CURRENT_PROJECT_VERSION = 1;
				DEVELOPMENT_TEAM = 4LU2BMBADH;
				GENERATE_INFOPLIST_FILE = YES;
				MARKETING_VERSION = 1.0;
				PRODUCT_BUNDLE_IDENTIFIER = Tambanco.FiatMoneyCoinUITests;
				PRODUCT_NAME = "$(TARGET_NAME)";
				SWIFT_EMIT_LOC_STRINGS = NO;
				SWIFT_VERSION = 5.0;
				TARGETED_DEVICE_FAMILY = "1,2";
				TEST_TARGET_NAME = FiatMoneyCoin;
			};
			name = Release;
		};
/* End XCBuildConfiguration section */

/* Begin XCConfigurationList section */
		4968CB7F286AFE780085DDB6 /* Build configuration list for PBXProject "FiatMoneyCoin" */ = {
			isa = XCConfigurationList;
			buildConfigurations = (
				4968CBAF286AFE780085DDB6 /* Debug */,
				4968CBB0286AFE780085DDB6 /* Release */,
			);
			defaultConfigurationIsVisible = 0;
			defaultConfigurationName = Release;
		};
		4968CBB1286AFE780085DDB6 /* Build configuration list for PBXNativeTarget "FiatMoneyCoin" */ = {
			isa = XCConfigurationList;
			buildConfigurations = (
				4968CBB2286AFE780085DDB6 /* Debug */,
				4968CBB3286AFE780085DDB6 /* Release */,
			);
			defaultConfigurationIsVisible = 0;
			defaultConfigurationName = Release;
		};
		4968CBB4286AFE780085DDB6 /* Build configuration list for PBXNativeTarget "FiatMoneyCoinTests" */ = {
			isa = XCConfigurationList;
			buildConfigurations = (
				4968CBB5286AFE780085DDB6 /* Debug */,
				4968CBB6286AFE780085DDB6 /* Release */,
			);
			defaultConfigurationIsVisible = 0;
			defaultConfigurationName = Release;
		};
		4968CBB7286AFE780085DDB6 /* Build configuration list for PBXNativeTarget "FiatMoneyCoinUITests" */ = {
			isa = XCConfigurationList;
			buildConfigurations = (
				4968CBB8286AFE780085DDB6 /* Debug */,
				4968CBB9286AFE780085DDB6 /* Release */,
			);
			defaultConfigurationIsVisible = 0;
			defaultConfigurationName = Release;
		};
/* End XCConfigurationList section */

/* Begin XCVersionGroup section */
		4968CB90286AFE780085DDB6 /* FiatMoneyCoin.xcdatamodeld */ = {
			isa = XCVersionGroup;
			children = (
				4968CB91286AFE780085DDB6 /* FiatMoneyCoin.xcdatamodel */,
			);
			currentVersion = 4968CB91286AFE780085DDB6 /* FiatMoneyCoin.xcdatamodel */;
			path = FiatMoneyCoin.xcdatamodeld;
			sourceTree = "<group>";
			versionGroupType = wrapper.xcdatamodel;
		};
/* End XCVersionGroup section */
	};
	rootObject = 4968CB7C286AFE780085DDB6 /* Project object */;
}
